
Microsoft Visual Studio Solution File, Format Version 12.00
# Visual Studio 15
VisualStudioVersion = 15.0.27004.2009
MinimumVisualStudioVersion = 10.0.40219.1
Project("{FAE04EC0-301F-11D3-BF4B-00C04F79EFBC}") = "EmailTemplateBuilder", "EmailTemplateBuilder\EmailTemplateBuilder.csproj", "{3EFCD6DB-CDD1-4390-BAEC-B08D6168756B}"
EndProject
Global
	GlobalSection(SolutionConfigurationPlatforms) = preSolution
		Debug|Any CPU = Debug|Any CPU
		Release|Any CPU = Release|Any CPU
	EndGlobalSection
	GlobalSection(ProjectConfigurationPlatforms) = postSolution
		{3EFCD6DB-CDD1-4390-BAEC-B08D6168756B}.Debug|Any CPU.ActiveCfg = Debug|Any CPU
		{3EFCD6DB-CDD1-4390-BAEC-B08D6168756B}.Debug|Any CPU.Build.0 = Debug|Any CPU
		{3EFCD6DB-CDD1-4390-BAEC-B08D6168756B}.Release|Any CPU.ActiveCfg = Release|Any CPU
		{3EFCD6DB-CDD1-4390-BAEC-B08D6168756B}.Release|Any CPU.Build.0 = Release|Any CPU
	EndGlobalSection
	GlobalSection(SolutionProperties) = preSolution
		HideSolutionNode = FALSE
	EndGlobalSection
	GlobalSection(ExtensibilityGlobals) = postSolution
		SolutionGuid = {C16D36E4-60F0-4EF2-A0D7-24BCD7FBA4EA}
	EndGlobalSection
EndGlobal
